
Microsoft Visual Studio Solution File, Format Version 12.00
# Visual Studio Version 16
VisualStudioVersion = 16.0.36128.20
MinimumVisualStudioVersion = 10.0.40219.1
Project("{FAE04EC0-301F-11D3-BF4B-00C04F79EFBC}") = "ADBFastbootGUI", "ADBFastbootGUI\ADBFastbootGUI.csproj", "{D1885CC2-24EC-4183-BD2B-31064707DD06}"
EndProject
Global
	GlobalSection(SolutionConfigurationPlatforms) = preSolution
		Debug|Any CPU = Debug|Any CPU
		Release|Any CPU = Release|Any CPU
	EndGlobalSection
	GlobalSection(ProjectConfigurationPlatforms) = postSolution
		{D1885CC2-24EC-4183-BD2B-31064707DD06}.Debug|Any CPU.ActiveCfg = Debug|Any CPU
		{D1885CC2-24EC-4183-BD2B-31064707DD06}.Debug|Any CPU.Build.0 = Debug|Any CPU
		{D1885CC2-24EC-4183-BD2B-31064707DD06}.Release|Any CPU.ActiveCfg = Release|Any CPU
		{D1885CC2-24EC-4183-BD2B-31064707DD06}.Release|Any CPU.Build.0 = Release|Any CPU
	EndGlobalSection
	GlobalSection(SolutionProperties) = preSolution
		HideSolutionNode = FALSE
	EndGlobalSection
	GlobalSection(ExtensibilityGlobals) = postSolution
		SolutionGuid = {4E4D456E-6F84-4F67-BAD8-D525D2CAA511}
	EndGlobalSection
EndGlobal
